// !$*UTF8*$!
{
	archiveVersion = 1;
	classes = {
	};
	objectVersion = 56;
	objects = {

/* Begin PBXBuildFile section */
		7A2D38342A09183900F191DA /* AudioViewCell.swift in Sources */ = {isa = PBXBuildFile; fileRef = 7A2D38332A09183900F191DA /* AudioViewCell.swift */; };
		7A2D38362A09189600F191DA /* AudioFilesListController.swift in Sources */ = {isa = PBXBuildFile; fileRef = 7A2D38352A09189600F191DA /* AudioFilesListController.swift */; };
		7A2D38472A092CAF00F191DA /* AudioPreviewController.swift in Sources */ = {isa = PBXBuildFile; fileRef = 7A2D38462A092CAF00F191DA /* AudioPreviewController.swift */; };
		7A2D38492A09555400F191DA /* TranscribeAudiofileController.swift in Sources */ = {isa = PBXBuildFile; fileRef = 7A2D38482A09555400F191DA /* TranscribeAudiofileController.swift */; };
		7A2D384B2A095ED300F191DA /* PromtSettingsController.swift in Sources */ = {isa = PBXBuildFile; fileRef = 7A2D384A2A095ED300F191DA /* PromtSettingsController.swift */; };
		7A41AA6629FED057009A50E4 /* Extensions.swift in Sources */ = {isa = PBXBuildFile; fileRef = 7A41AA6529FED057009A50E4 /* Extensions.swift */; };
		7A41AA6829FED05D009A50E4 /* Helpers.swift in Sources */ = {isa = PBXBuildFile; fileRef = 7A41AA6729FED05D009A50E4 /* Helpers.swift */; };
		7A41AA6B29FED1DF009A50E4 /* NetworkManager.swift in Sources */ = {isa = PBXBuildFile; fileRef = 7A41AA6A29FED1DF009A50E4 /* NetworkManager.swift */; };
		7A41AA7329FED263009A50E4 /* NetworkManagerTests.swift in Sources */ = {isa = PBXBuildFile; fileRef = 7A41AA7229FED263009A50E4 /* NetworkManagerTests.swift */; };
		7A41AA7B29FF0987009A50E4 /* SpeechRecognizer.swift in Sources */ = {isa = PBXBuildFile; fileRef = 7A41AA7A29FF0987009A50E4 /* SpeechRecognizer.swift */; };
		7A41AA7D29FF0AED009A50E4 /* HTTPMethod.swift in Sources */ = {isa = PBXBuildFile; fileRef = 7A41AA7C29FF0AED009A50E4 /* HTTPMethod.swift */; };
		7A41AA7F29FF0B06009A50E4 /* NetworkError.swift in Sources */ = {isa = PBXBuildFile; fileRef = 7A41AA7E29FF0B06009A50E4 /* NetworkError.swift */; };
		7A41AA8129FF0B17009A50E4 /* HTTPRequest.swift in Sources */ = {isa = PBXBuildFile; fileRef = 7A41AA8029FF0B17009A50E4 /* HTTPRequest.swift */; };
		7A41AA8329FF0B33009A50E4 /* GetRequestExample.swift in Sources */ = {isa = PBXBuildFile; fileRef = 7A41AA8229FF0B33009A50E4 /* GetRequestExample.swift */; };
		7A41AA862A0003C2009A50E4 /* HomeViewController.swift in Sources */ = {isa = PBXBuildFile; fileRef = 7A41AA852A0003C2009A50E4 /* HomeViewController.swift */; };
		7A41AA892A0015E2009A50E4 /* AudioRecorder.swift in Sources */ = {isa = PBXBuildFile; fileRef = 7A41AA882A0015E2009A50E4 /* AudioRecorder.swift */; };
		7A77351129E7F4FA000F4FFA /* AppDelegate.swift in Sources */ = {isa = PBXBuildFile; fileRef = 7A77351029E7F4FA000F4FFA /* AppDelegate.swift */; };
		7A77351329E7F4FA000F4FFA /* SceneDelegate.swift in Sources */ = {isa = PBXBuildFile; fileRef = 7A77351229E7F4FA000F4FFA /* SceneDelegate.swift */; };
		7A77351529E7F4FA000F4FFA /* ViewController.swift in Sources */ = {isa = PBXBuildFile; fileRef = 7A77351429E7F4FA000F4FFA /* ViewController.swift */; };
		7A77351829E7F4FA000F4FFA /* Main.storyboard in Resources */ = {isa = PBXBuildFile; fileRef = 7A77351629E7F4FA000F4FFA /* Main.storyboard */; };
		7A77351A29E7F4FE000F4FFA /* Assets.xcassets in Resources */ = {isa = PBXBuildFile; fileRef = 7A77351929E7F4FE000F4FFA /* Assets.xcassets */; };
		7A77351D29E7F4FE000F4FFA /* LaunchScreen.storyboard in Resources */ = {isa = PBXBuildFile; fileRef = 7A77351B29E7F4FE000F4FFA /* LaunchScreen.storyboard */; };
/* End PBXBuildFile section */

/* Begin PBXContainerItemProxy section */
		7A41AA7429FED263009A50E4 /* PBXContainerItemProxy */ = {
			isa = PBXContainerItemProxy;
			containerPortal = 7A77350529E7F4FA000F4FFA /* Project object */;
			proxyType = 1;
			remoteGlobalIDString = 7A77350C29E7F4FA000F4FFA;
			remoteInfo = Based;
		};
/* End PBXContainerItemProxy section */

/* Begin PBXFileReference section */
		7A2D38332A09183900F191DA /* AudioViewCell.swift */ = {isa = PBXFileReference; lastKnownFileType = sourcecode.swift; path = AudioViewCell.swift; sourceTree = "<group>"; };
		7A2D38352A09189600F191DA /* AudioFilesListController.swift */ = {isa = PBXFileReference; lastKnownFileType = sourcecode.swift; path = AudioFilesListController.swift; sourceTree = "<group>"; };
		7A2D38462A092CAF00F191DA /* AudioPreviewController.swift */ = {isa = PBXFileReference; lastKnownFileType = sourcecode.swift; path = AudioPreviewController.swift; sourceTree = "<group>"; };
		7A2D38482A09555400F191DA /* TranscribeAudiofileController.swift */ = {isa = PBXFileReference; lastKnownFileType = sourcecode.swift; path = TranscribeAudiofileController.swift; sourceTree = "<group>"; };
		7A2D384A2A095ED300F191DA /* PromtSettingsController.swift */ = {isa = PBXFileReference; lastKnownFileType = sourcecode.swift; path = PromtSettingsController.swift; sourceTree = "<group>"; };
		7A41AA6529FED057009A50E4 /* Extensions.swift */ = {isa = PBXFileReference; lastKnownFileType = sourcecode.swift; path = Extensions.swift; sourceTree = "<group>"; };
		7A41AA6729FED05D009A50E4 /* Helpers.swift */ = {isa = PBXFileReference; lastKnownFileType = sourcecode.swift; path = Helpers.swift; sourceTree = "<group>"; };
		7A41AA6A29FED1DF009A50E4 /* NetworkManager.swift */ = {isa = PBXFileReference; lastKnownFileType = sourcecode.swift; path = NetworkManager.swift; sourceTree = "<group>"; };
		7A41AA7029FED263009A50E4 /* BasedTests.xctest */ = {isa = PBXFileReference; explicitFileType = wrapper.cfbundle; includeInIndex = 0; path = BasedTests.xctest; sourceTree = BUILT_PRODUCTS_DIR; };
		7A41AA7229FED263009A50E4 /* NetworkManagerTests.swift */ = {isa = PBXFileReference; lastKnownFileType = sourcecode.swift; path = NetworkManagerTests.swift; sourceTree = "<group>"; };
		7A41AA7A29FF0987009A50E4 /* SpeechRecognizer.swift */ = {isa = PBXFileReference; lastKnownFileType = sourcecode.swift; path = SpeechRecognizer.swift; sourceTree = "<group>"; };
		7A41AA7C29FF0AED009A50E4 /* HTTPMethod.swift */ = {isa = PBXFileReference; lastKnownFileType = sourcecode.swift; path = HTTPMethod.swift; sourceTree = "<group>"; };
		7A41AA7E29FF0B06009A50E4 /* NetworkError.swift */ = {isa = PBXFileReference; lastKnownFileType = sourcecode.swift; path = NetworkError.swift; sourceTree = "<group>"; };
		7A41AA8029FF0B17009A50E4 /* HTTPRequest.swift */ = {isa = PBXFileReference; lastKnownFileType = sourcecode.swift; path = HTTPRequest.swift; sourceTree = "<group>"; };
		7A41AA8229FF0B33009A50E4 /* GetRequestExample.swift */ = {isa = PBXFileReference; lastKnownFileType = sourcecode.swift; path = GetRequestExample.swift; sourceTree = "<group>"; };
		7A41AA852A0003C2009A50E4 /* HomeViewController.swift */ = {isa = PBXFileReference; lastKnownFileType = sourcecode.swift; path = HomeViewController.swift; sourceTree = "<group>"; };
		7A41AA882A0015E2009A50E4 /* AudioRecorder.swift */ = {isa = PBXFileReference; lastKnownFileType = sourcecode.swift; path = AudioRecorder.swift; sourceTree = "<group>"; };
		7A77350D29E7F4FA000F4FFA /* Based.app */ = {isa = PBXFileReference; explicitFileType = wrapper.application; includeInIndex = 0; path = Based.app; sourceTree = BUILT_PRODUCTS_DIR; };
		7A77351029E7F4FA000F4FFA /* AppDelegate.swift */ = {isa = PBXFileReference; lastKnownFileType = sourcecode.swift; path = AppDelegate.swift; sourceTree = "<group>"; };
		7A77351229E7F4FA000F4FFA /* SceneDelegate.swift */ = {isa = PBXFileReference; lastKnownFileType = sourcecode.swift; path = SceneDelegate.swift; sourceTree = "<group>"; };
		7A77351429E7F4FA000F4FFA /* ViewController.swift */ = {isa = PBXFileReference; lastKnownFileType = sourcecode.swift; path = ViewController.swift; sourceTree = "<group>"; };
		7A77351729E7F4FA000F4FFA /* Base */ = {isa = PBXFileReference; lastKnownFileType = file.storyboard; name = Base; path = Base.lproj/Main.storyboard; sourceTree = "<group>"; };
		7A77351929E7F4FE000F4FFA /* Assets.xcassets */ = {isa = PBXFileReference; lastKnownFileType = folder.assetcatalog; path = Assets.xcassets; sourceTree = "<group>"; };
		7A77351C29E7F4FE000F4FFA /* Base */ = {isa = PBXFileReference; lastKnownFileType = file.storyboard; name = Base; path = Base.lproj/LaunchScreen.storyboard; sourceTree = "<group>"; };
		7A77351E29E7F4FE000F4FFA /* Info.plist */ = {isa = PBXFileReference; lastKnownFileType = text.plist.xml; path = Info.plist; sourceTree = "<group>"; };
/* End PBXFileReference section */

/* Begin PBXFrameworksBuildPhase section */
		7A41AA6D29FED263009A50E4 /* Frameworks */ = {
			isa = PBXFrameworksBuildPhase;
			buildActionMask = 2147483647;
			files = (
			);
			runOnlyForDeploymentPostprocessing = 0;
		};
		7A77350A29E7F4FA000F4FFA /* Frameworks */ = {
			isa = PBXFrameworksBuildPhase;
			buildActionMask = 2147483647;
			files = (
			);
			runOnlyForDeploymentPostprocessing = 0;
		};
/* End PBXFrameworksBuildPhase section */

/* Begin PBXGroup section */
		7A41AA6329FED03F009A50E4 /* Modules */ = {
			isa = PBXGroup;
			children = (
				7A41AA842A0003A8009A50E4 /* Home */,
			);
			path = Modules;
			sourceTree = "<group>";
		};
		7A41AA6429FED049009A50E4 /* Utilities */ = {
			isa = PBXGroup;
			children = (
				7A41AA6529FED057009A50E4 /* Extensions.swift */,
				7A41AA6729FED05D009A50E4 /* Helpers.swift */,
			);
			path = Utilities;
			sourceTree = "<group>";
		};
		7A41AA6929FED0CF009A50E4 /* Network */ = {
			isa = PBXGroup;
			children = (
				7A41AA6A29FED1DF009A50E4 /* NetworkManager.swift */,
				7A41AA7C29FF0AED009A50E4 /* HTTPMethod.swift */,
				7A41AA7E29FF0B06009A50E4 /* NetworkError.swift */,
				7A41AA8029FF0B17009A50E4 /* HTTPRequest.swift */,
				7A41AA8229FF0B33009A50E4 /* GetRequestExample.swift */,
			);
			path = Network;
			sourceTree = "<group>";
		};
		7A41AA7129FED263009A50E4 /* BasedTests */ = {
			isa = PBXGroup;
			children = (
				7A41AA7229FED263009A50E4 /* NetworkManagerTests.swift */,
			);
			path = BasedTests;
			sourceTree = "<group>";
		};
		7A41AA7929FF090E009A50E4 /* Speech */ = {
			isa = PBXGroup;
			children = (
				7A41AA7A29FF0987009A50E4 /* SpeechRecognizer.swift */,
			);
			path = Speech;
			sourceTree = "<group>";
		};
		7A41AA842A0003A8009A50E4 /* Home */ = {
			isa = PBXGroup;
			children = (
				7A41AA852A0003C2009A50E4 /* HomeViewController.swift */,
				7A2D38332A09183900F191DA /* AudioViewCell.swift */,
				7A2D38352A09189600F191DA /* AudioFilesListController.swift */,
				7A2D38462A092CAF00F191DA /* AudioPreviewController.swift */,
				7A2D38482A09555400F191DA /* TranscribeAudiofileController.swift */,
				7A2D384A2A095ED300F191DA /* PromtSettingsController.swift */,
			);
			path = Home;
			sourceTree = "<group>";
		};
		7A41AA872A0015C9009A50E4 /* Recorder */ = {
			isa = PBXGroup;
			children = (
				7A41AA882A0015E2009A50E4 /* AudioRecorder.swift */,
			);
			path = Recorder;
			sourceTree = "<group>";
		};
		7A77350429E7F4FA000F4FFA = {
			isa = PBXGroup;
			children = (
				7A77350F29E7F4FA000F4FFA /* Based */,
				7A41AA7129FED263009A50E4 /* BasedTests */,
				7A77350E29E7F4FA000F4FFA /* Products */,
			);
			sourceTree = "<group>";
		};
		7A77350E29E7F4FA000F4FFA /* Products */ = {
			isa = PBXGroup;
			children = (
				7A77350D29E7F4FA000F4FFA /* Based.app */,
				7A41AA7029FED263009A50E4 /* BasedTests.xctest */,
			);
			name = Products;
			sourceTree = "<group>";
		};
		7A77350F29E7F4FA000F4FFA /* Based */ = {
			isa = PBXGroup;
			children = (
				7A41AA6429FED049009A50E4 /* Utilities */,
				7A41AA6329FED03F009A50E4 /* Modules */,
				7A77352429E7F8F4000F4FFA /* Service */,
				7A77351029E7F4FA000F4FFA /* AppDelegate.swift */,
				7A77351229E7F4FA000F4FFA /* SceneDelegate.swift */,
				7A77351429E7F4FA000F4FFA /* ViewController.swift */,
				7A77351629E7F4FA000F4FFA /* Main.storyboard */,
				7A77351929E7F4FE000F4FFA /* Assets.xcassets */,
				7A77351B29E7F4FE000F4FFA /* LaunchScreen.storyboard */,
				7A77351E29E7F4FE000F4FFA /* Info.plist */,
			);
			path = Based;
			sourceTree = "<group>";
		};
		7A77352429E7F8F4000F4FFA /* Service */ = {
			isa = PBXGroup;
			children = (
				7A41AA872A0015C9009A50E4 /* Recorder */,
				7A41AA7929FF090E009A50E4 /* Speech */,
				7A41AA6929FED0CF009A50E4 /* Network */,
			);
			path = Service;
			sourceTree = "<group>";
		};
/* End PBXGroup section */

/* Begin PBXNativeTarget section */
		7A41AA6F29FED263009A50E4 /* BasedTests */ = {
			isa = PBXNativeTarget;
			buildConfigurationList = 7A41AA7629FED263009A50E4 /* Build configuration list for PBXNativeTarget "BasedTests" */;
			buildPhases = (
				7A41AA6C29FED263009A50E4 /* Sources */,
				7A41AA6D29FED263009A50E4 /* Frameworks */,
				7A41AA6E29FED263009A50E4 /* Resources */,
			);
			buildRules = (
			);
			dependencies = (
				7A41AA7529FED263009A50E4 /* PBXTargetDependency */,
			);
			name = BasedTests;
			productName = BasedTests;
			productReference = 7A41AA7029FED263009A50E4 /* BasedTests.xctest */;
			productType = "com.apple.product-type.bundle.unit-test";
		};
		7A77350C29E7F4FA000F4FFA /* Based */ = {
			isa = PBXNativeTarget;
			buildConfigurationList = 7A77352129E7F4FE000F4FFA /* Build configuration list for PBXNativeTarget "Based" */;
			buildPhases = (
				7A77350929E7F4FA000F4FFA /* Sources */,
				7A77350A29E7F4FA000F4FFA /* Frameworks */,
				7A77350B29E7F4FA000F4FFA /* Resources */,
			);
			buildRules = (
			);
			dependencies = (
			);
			name = Based;
			productName = Based;
			productReference = 7A77350D29E7F4FA000F4FFA /* Based.app */;
			productType = "com.apple.product-type.application";
		};
/* End PBXNativeTarget section */

/* Begin PBXProject section */
		7A77350529E7F4FA000F4FFA /* Project object */ = {
			isa = PBXProject;
			attributes = {
				BuildIndependentTargetsInParallel = 1;
				LastSwiftUpdateCheck = 1420;
				LastUpgradeCheck = 1420;
				TargetAttributes = {
					7A41AA6F29FED263009A50E4 = {
						CreatedOnToolsVersion = 14.2;
						TestTargetID = 7A77350C29E7F4FA000F4FFA;
					};
					7A77350C29E7F4FA000F4FFA = {
						CreatedOnToolsVersion = 14.2;
					};
				};
			};
			buildConfigurationList = 7A77350829E7F4FA000F4FFA /* Build configuration list for PBXProject "Based" */;
			compatibilityVersion = "Xcode 14.0";
			developmentRegion = en;
			hasScannedForEncodings = 0;
			knownRegions = (
				en,
				Base,
			);
			mainGroup = 7A77350429E7F4FA000F4FFA;
			productRefGroup = 7A77350E29E7F4FA000F4FFA /* Products */;
			projectDirPath = "";
			projectRoot = "";
			targets = (
				7A77350C29E7F4FA000F4FFA /* Based */,
				7A41AA6F29FED263009A50E4 /* BasedTests */,
			);
		};
/* End PBXProject section */

/* Begin PBXResourcesBuildPhase section */
		7A41AA6E29FED263009A50E4 /* Resources */ = {
			isa = PBXResourcesBuildPhase;
			buildActionMask = 2147483647;
			files = (
			);
			runOnlyForDeploymentPostprocessing = 0;
		};
		7A77350B29E7F4FA000F4FFA /* Resources */ = {
			isa = PBXResourcesBuildPhase;
			buildActionMask = 2147483647;
			files = (
				7A77351D29E7F4FE000F4FFA /* LaunchScreen.storyboard in Resources */,
				7A77351A29E7F4FE000F4FFA /* Assets.xcassets in Resources */,
				7A77351829E7F4FA000F4FFA /* Main.storyboard in Resources */,
			);
			runOnlyForDeploymentPostprocessing = 0;
		};
/* End PBXResourcesBuildPhase section */

/* Begin PBXSourcesBuildPhase section */
		7A41AA6C29FED263009A50E4 /* Sources */ = {
			isa = PBXSourcesBuildPhase;
			buildActionMask = 2147483647;
			files = (
				7A41AA7329FED263009A50E4 /* NetworkManagerTests.swift in Sources */,
			);
			runOnlyForDeploymentPostprocessing = 0;
		};
		7A77350929E7F4FA000F4FFA /* Sources */ = {
			isa = PBXSourcesBuildPhase;
			buildActionMask = 2147483647;
			files = (
				7A41AA7B29FF0987009A50E4 /* SpeechRecognizer.swift in Sources */,
				7A41AA6B29FED1DF009A50E4 /* NetworkManager.swift in Sources */,
				7A77351529E7F4FA000F4FFA /* ViewController.swift in Sources */,
				7A2D384B2A095ED300F191DA /* PromtSettingsController.swift in Sources */,
				7A2D38492A09555400F191DA /* TranscribeAudiofileController.swift in Sources */,
				7A2D38362A09189600F191DA /* AudioFilesListController.swift in Sources */,
				7A2D38342A09183900F191DA /* AudioViewCell.swift in Sources */,
				7A77351129E7F4FA000F4FFA /* AppDelegate.swift in Sources */,
				7A41AA7D29FF0AED009A50E4 /* HTTPMethod.swift in Sources */,
				7A77351329E7F4FA000F4FFA /* SceneDelegate.swift in Sources */,
				7A41AA7F29FF0B06009A50E4 /* NetworkError.swift in Sources */,
				7A41AA8129FF0B17009A50E4 /* HTTPRequest.swift in Sources */,
				7A41AA892A0015E2009A50E4 /* AudioRecorder.swift in Sources */,
				7A41AA6829FED05D009A50E4 /* Helpers.swift in Sources */,
				7A41AA8329FF0B33009A50E4 /* GetRequestExample.swift in Sources */,
				7A41AA6629FED057009A50E4 /* Extensions.swift in Sources */,
				7A41AA862A0003C2009A50E4 /* HomeViewController.swift in Sources */,
				7A2D38472A092CAF00F191DA /* AudioPreviewController.swift in Sources */,
			);
			runOnlyForDeploymentPostprocessing = 0;
		};
/* End PBXSourcesBuildPhase section */

/* Begin PBXTargetDependency section */
		7A41AA7529FED263009A50E4 /* PBXTargetDependency */ = {
			isa = PBXTargetDependency;
			target = 7A77350C29E7F4FA000F4FFA /* Based */;
			targetProxy = 7A41AA7429FED263009A50E4 /* PBXContainerItemProxy */;
		};
/* End PBXTargetDependency section */

/* Begin PBXVariantGroup section */
		7A77351629E7F4FA000F4FFA /* Main.storyboard */ = {
			isa = PBXVariantGroup;
			children = (
				7A77351729E7F4FA000F4FFA /* Base */,
			);
			name = Main.storyboard;
			sourceTree = "<group>";
		};
		7A77351B29E7F4FE000F4FFA /* LaunchScreen.storyboard */ = {
			isa = PBXVariantGroup;
			children = (
				7A77351C29E7F4FE000F4FFA /* Base */,
			);
			name = LaunchScreen.storyboard;
			sourceTree = "<group>";
		};
/* End PBXVariantGroup section */

/* Begin XCBuildConfiguration section */
		7A41AA7729FED263009A50E4 /* Debug */ = {
			isa = XCBuildConfiguration;
			buildSettings = {
				BUNDLE_LOADER = "$(TEST_HOST)";
				CODE_SIGN_STYLE = Automatic;
				CURRENT_PROJECT_VERSION = 1;
				DEVELOPMENT_TEAM = 8Q894JH67J;
				GENERATE_INFOPLIST_FILE = YES;
				MARKETING_VERSION = 1.0;
				PRODUCT_BUNDLE_IDENTIFIER = AntonHoang.BasedTests;
				PRODUCT_NAME = "$(TARGET_NAME)";
				SWIFT_EMIT_LOC_STRINGS = NO;
				SWIFT_VERSION = 5.0;
				TARGETED_DEVICE_FAMILY = "1,2";
				TEST_HOST = "$(BUILT_PRODUCTS_DIR)/Based.app/$(BUNDLE_EXECUTABLE_FOLDER_PATH)/Based";
			};
			name = Debug;
		};
		7A41AA7829FED263009A50E4 /* Release */ = {
			isa = XCBuildConfiguration;
			buildSettings = {
				BUNDLE_LOADER = "$(TEST_HOST)";
				CODE_SIGN_STYLE = Automatic;
				CURRENT_PROJECT_VERSION = 1;
				DEVELOPMENT_TEAM = 8Q894JH67J;
				GENERATE_INFOPLIST_FILE = YES;
				MARKETING_VERSION = 1.0;
				PRODUCT_BUNDLE_IDENTIFIER = AntonHoang.BasedTests;
				PRODUCT_NAME = "$(TARGET_NAME)";
				SWIFT_EMIT_LOC_STRINGS = NO;
				SWIFT_VERSION = 5.0;
				TARGETED_DEVICE_FAMILY = "1,2";
				TEST_HOST = "$(BUILT_PRODUCTS_DIR)/Based.app/$(BUNDLE_EXECUTABLE_FOLDER_PATH)/Based";
			};
			name = Release;
		};
		7A77351F29E7F4FE000F4FFA /* Debug */ = {
			isa = XCBuildConfiguration;
			buildSettings = {
				ALWAYS_SEARCH_USER_PATHS = NO;
				CLANG_ANALYZER_NONNULL = YES;
				CLANG_ANALYZER_NUMBER_OBJECT_CONVERSION = YES_AGGRESSIVE;
				CLANG_CXX_LANGUAGE_STANDARD = "gnu++20";
				CLANG_ENABLE_MODULES = YES;
				CLANG_ENABLE_OBJC_ARC = YES;
				CLANG_ENABLE_OBJC_WEAK = YES;
				CLANG_WARN_BLOCK_CAPTURE_AUTORELEASING = YES;
				CLANG_WARN_BOOL_CONVERSION = YES;
				CLANG_WARN_COMMA = YES;
				CLANG_WARN_CONSTANT_CONVERSION = YES;
				CLANG_WARN_DEPRECATED_OBJC_IMPLEMENTATIONS = YES;
				CLANG_WARN_DIRECT_OBJC_ISA_USAGE = YES_ERROR;
				CLANG_WARN_DOCUMENTATION_COMMENTS = YES;
				CLANG_WARN_EMPTY_BODY = YES;
				CLANG_WARN_ENUM_CONVERSION = YES;
				CLANG_WARN_INFINITE_RECURSION = YES;
				CLANG_WARN_INT_CONVERSION = YES;
				CLANG_WARN_NON_LITERAL_NULL_CONVERSION = YES;
				CLANG_WARN_OBJC_IMPLICIT_RETAIN_SELF = YES;
				CLANG_WARN_OBJC_LITERAL_CONVERSION = YES;
				CLANG_WARN_OBJC_ROOT_CLASS = YES_ERROR;
				CLANG_WARN_QUOTED_INCLUDE_IN_FRAMEWORK_HEADER = YES;
				CLANG_WARN_RANGE_LOOP_ANALYSIS = YES;
				CLANG_WARN_STRICT_PROTOTYPES = YES;
				CLANG_WARN_SUSPICIOUS_MOVE = YES;
				CLANG_WARN_UNGUARDED_AVAILABILITY = YES_AGGRESSIVE;
				CLANG_WARN_UNREACHABLE_CODE = YES;
				CLANG_WARN__DUPLICATE_METHOD_MATCH = YES;
				COPY_PHASE_STRIP = NO;
				DEBUG_INFORMATION_FORMAT = dwarf;
				ENABLE_STRICT_OBJC_MSGSEND = YES;
				ENABLE_TESTABILITY = YES;
				GCC_C_LANGUAGE_STANDARD = gnu11;
				GCC_DYNAMIC_NO_PIC = NO;
				GCC_NO_COMMON_BLOCKS = YES;
				GCC_OPTIMIZATION_LEVEL = 0;
				GCC_PREPROCESSOR_DEFINITIONS = (
					"DEBUG=1",
					"$(inherited)",
				);
				GCC_WARN_64_TO_32_BIT_CONVERSION = YES;
				GCC_WARN_ABOUT_RETURN_TYPE = YES_ERROR;
				GCC_WARN_UNDECLARED_SELECTOR = YES;
				GCC_WARN_UNINITIALIZED_AUTOS = YES_AGGRESSIVE;
				GCC_WARN_UNUSED_FUNCTION = YES;
				GCC_WARN_UNUSED_VARIABLE = YES;
				IPHONEOS_DEPLOYMENT_TARGET = 16.2;
				MTL_ENABLE_DEBUG_INFO = INCLUDE_SOURCE;
				MTL_FAST_MATH = YES;
				ONLY_ACTIVE_ARCH = YES;
				SDKROOT = iphoneos;
				SWIFT_ACTIVE_COMPILATION_CONDITIONS = DEBUG;
				SWIFT_OPTIMIZATION_LEVEL = "-Onone";
			};
			name = Debug;
		};
		7A77352029E7F4FE000F4FFA /* Release */ = {
			isa = XCBuildConfiguration;
			buildSettings = {
				ALWAYS_SEARCH_USER_PATHS = NO;
				CLANG_ANALYZER_NONNULL = YES;
				CLANG_ANALYZER_NUMBER_OBJECT_CONVERSION = YES_AGGRESSIVE;
				CLANG_CXX_LANGUAGE_STANDARD = "gnu++20";
				CLANG_ENABLE_MODULES = YES;
				CLANG_ENABLE_OBJC_ARC = YES;
				CLANG_ENABLE_OBJC_WEAK = YES;
				CLANG_WARN_BLOCK_CAPTURE_AUTORELEASING = YES;
				CLANG_WARN_BOOL_CONVERSION = YES;
				CLANG_WARN_COMMA = YES;
				CLANG_WARN_CONSTANT_CONVERSION = YES;
				CLANG_WARN_DEPRECATED_OBJC_IMPLEMENTATIONS = YES;
				CLANG_WARN_DIRECT_OBJC_ISA_USAGE = YES_ERROR;
				CLANG_WARN_DOCUMENTATION_COMMENTS = YES;
				CLANG_WARN_EMPTY_BODY = YES;
				CLANG_WARN_ENUM_CONVERSION = YES;
				CLANG_WARN_INFINITE_RECURSION = YES;
				CLANG_WARN_INT_CONVERSION = YES;
				CLANG_WARN_NON_LITERAL_NULL_CONVERSION = YES;
				CLANG_WARN_OBJC_IMPLICIT_RETAIN_SELF = YES;
				CLANG_WARN_OBJC_LITERAL_CONVERSION = YES;
				CLANG_WARN_OBJC_ROOT_CLASS = YES_ERROR;
				CLANG_WARN_QUOTED_INCLUDE_IN_FRAMEWORK_HEADER = YES;
				CLANG_WARN_RANGE_LOOP_ANALYSIS = YES;
				CLANG_WARN_STRICT_PROTOTYPES = YES;
				CLANG_WARN_SUSPICIOUS_MOVE = YES;
				CLANG_WARN_UNGUARDED_AVAILABILITY = YES_AGGRESSIVE;
				CLANG_WARN_UNREACHABLE_CODE = YES;
				CLANG_WARN__DUPLICATE_METHOD_MATCH = YES;
				COPY_PHASE_STRIP = NO;
				DEBUG_INFORMATION_FORMAT = "dwarf-with-dsym";
				ENABLE_NS_ASSERTIONS = NO;
				ENABLE_STRICT_OBJC_MSGSEND = YES;
				GCC_C_LANGUAGE_STANDARD = gnu11;
				GCC_NO_COMMON_BLOCKS = YES;
				GCC_WARN_64_TO_32_BIT_CONVERSION = YES;
				GCC_WARN_ABOUT_RETURN_TYPE = YES_ERROR;
				GCC_WARN_UNDECLARED_SELECTOR = YES;
				GCC_WARN_UNINITIALIZED_AUTOS = YES_AGGRESSIVE;
				GCC_WARN_UNUSED_FUNCTION = YES;
				GCC_WARN_UNUSED_VARIABLE = YES;
				IPHONEOS_DEPLOYMENT_TARGET = 16.2;
				MTL_ENABLE_DEBUG_INFO = NO;
				MTL_FAST_MATH = YES;
				SDKROOT = iphoneos;
				SWIFT_COMPILATION_MODE = wholemodule;
				SWIFT_OPTIMIZATION_LEVEL = "-O";
				VALIDATE_PRODUCT = YES;
			};
			name = Release;
		};
		7A77352229E7F4FE000F4FFA /* Debug */ = {
			isa = XCBuildConfiguration;
			buildSettings = {
				ASSETCATALOG_COMPILER_APPICON_NAME = AppIcon;
				ASSETCATALOG_COMPILER_GLOBAL_ACCENT_COLOR_NAME = AccentColor;
				CODE_SIGN_STYLE = Automatic;
				CURRENT_PROJECT_VERSION = 1;
				DEVELOPMENT_TEAM = 8Q894JH67J;
				GENERATE_INFOPLIST_FILE = YES;
				INFOPLIST_FILE = Based/Info.plist;
				INFOPLIST_KEY_NSMicrophoneUsageDescription = "Audio is recorded to transcribe the meeting. Audio recordings are discarded after transcription.";
				INFOPLIST_KEY_NSSpeechRecognitionUsageDescription = "You can view a text transcription of your meeting in the app.";
				INFOPLIST_KEY_UIApplicationSupportsIndirectInputEvents = YES;
				INFOPLIST_KEY_UILaunchStoryboardName = LaunchScreen;
				INFOPLIST_KEY_UIMainStoryboardFile = Main;
				INFOPLIST_KEY_UISupportedInterfaceOrientations_iPad = "UIInterfaceOrientationPortrait UIInterfaceOrientationPortraitUpsideDown UIInterfaceOrientationLandscapeLeft UIInterfaceOrientationLandscapeRight";
				INFOPLIST_KEY_UISupportedInterfaceOrientations_iPhone = "UIInterfaceOrientationPortrait UIInterfaceOrientationLandscapeLeft UIInterfaceOrientationLandscapeRight";
				LD_RUNPATH_SEARCH_PATHS = (
					"$(inherited)",
					"@executable_path/Frameworks",
				);
				MARKETING_VERSION = 1.0;
				PRODUCT_BUNDLE_IDENTIFIER = AntonHoang.Based;
				PRODUCT_NAME = "$(TARGET_NAME)";
				SWIFT_EMIT_LOC_STRINGS = YES;
				SWIFT_VERSION = 5.0;
				TARGETED_DEVICE_FAMILY = "1,2";
			};
			name = Debug;
		};
		7A77352329E7F4FE000F4FFA /* Release */ = {
			isa = XCBuildConfiguration;
			buildSettings = {
				ASSETCATALOG_COMPILER_APPICON_NAME = AppIcon;
				ASSETCATALOG_COMPILER_GLOBAL_ACCENT_COLOR_NAME = AccentColor;
				CODE_SIGN_STYLE = Automatic;
				CURRENT_PROJECT_VERSION = 1;
				DEVELOPMENT_TEAM = 8Q894JH67J;
				GENERATE_INFOPLIST_FILE = YES;
				INFOPLIST_FILE = Based/Info.plist;
				INFOPLIST_KEY_NSMicrophoneUsageDescription = "Audio is recorded to transcribe the meeting. Audio recordings are discarded after transcription.";
				INFOPLIST_KEY_NSSpeechRecognitionUsageDescription = "You can view a text transcription of your meeting in the app.";
				INFOPLIST_KEY_UIApplicationSupportsIndirectInputEvents = YES;
				INFOPLIST_KEY_UILaunchStoryboardName = LaunchScreen;
				INFOPLIST_KEY_UIMainStoryboardFile = Main;
				INFOPLIST_KEY_UISupportedInterfaceOrientations_iPad = "UIInterfaceOrientationPortrait UIInterfaceOrientationPortraitUpsideDown UIInterfaceOrientationLandscapeLeft UIInterfaceOrientationLandscapeRight";
				INFOPLIST_KEY_UISupportedInterfaceOrientations_iPhone = "UIInterfaceOrientationPortrait UIInterfaceOrientationLandscapeLeft UIInterfaceOrientationLandscapeRight";
				LD_RUNPATH_SEARCH_PATHS = (
					"$(inherited)",
					"@executable_path/Frameworks",
				);
				MARKETING_VERSION = 1.0;
				PRODUCT_BUNDLE_IDENTIFIER = AntonHoang.Based;
				PRODUCT_NAME = "$(TARGET_NAME)";
				SWIFT_EMIT_LOC_STRINGS = YES;
				SWIFT_VERSION = 5.0;
				TARGETED_DEVICE_FAMILY = "1,2";
			};
			name = Release;
		};
/* End XCBuildConfiguration section */

/* Begin XCConfigurationList section */
		7A41AA7629FED263009A50E4 /* Build configuration list for PBXNativeTarget "BasedTests" */ = {
			isa = XCConfigurationList;
			buildConfigurations = (
				7A41AA7729FED263009A50E4 /* Debug */,
				7A41AA7829FED263009A50E4 /* Release */,
			);
			defaultConfigurationIsVisible = 0;
			defaultConfigurationName = Release;
		};
		7A77350829E7F4FA000F4FFA /* Build configuration list for PBXProject "Based" */ = {
			isa = XCConfigurationList;
			buildConfigurations = (
				7A77351F29E7F4FE000F4FFA /* Debug */,
				7A77352029E7F4FE000F4FFA /* Release */,
			);
			defaultConfigurationIsVisible = 0;
			defaultConfigurationName = Release;
		};
		7A77352129E7F4FE000F4FFA /* Build configuration list for PBXNativeTarget "Based" */ = {
			isa = XCConfigurationList;
			buildConfigurations = (
				7A77352229E7F4FE000F4FFA /* Debug */,
				7A77352329E7F4FE000F4FFA /* Release */,
			);
			defaultConfigurationIsVisible = 0;
			defaultConfigurationName = Release;
		};
/* End XCConfigurationList section */
	};
	rootObject = 7A77350529E7F4FA000F4FFA /* Project object */;
}
